
Microsoft Visual Studio Solution File, Format Version 12.00
# Visual Studio Version 17
VisualStudioVersion = 17.7.34024.191
MinimumVisualStudioVersion = 10.0.40219.1
Project("{FAE04EC0-301F-11D3-BF4B-00C04F79EFBC}") = "Uppgift 3 list inl", "Uppgift 3 list inl\Uppgift 3 list inl.csproj", "{465A5584-0C95-4480-8D8D-5FC82FEE9F56}"
EndProject
Global
	GlobalSection(SolutionConfigurationPlatforms) = preSolution
		Debug|Any CPU = Debug|Any CPU
		Release|Any CPU = Release|Any CPU
	EndGlobalSection
	GlobalSection(ProjectConfigurationPlatforms) = postSolution
		{465A5584-0C95-4480-8D8D-5FC82FEE9F56}.Debug|Any CPU.ActiveCfg = Debug|Any CPU
		{465A5584-0C95-4480-8D8D-5FC82FEE9F56}.Debug|Any CPU.Build.0 = Debug|Any CPU
		{465A5584-0C95-4480-8D8D-5FC82FEE9F56}.Release|Any CPU.ActiveCfg = Release|Any CPU
		{465A5584-0C95-4480-8D8D-5FC82FEE9F56}.Release|Any CPU.Build.0 = Release|Any CPU
	EndGlobalSection
	GlobalSection(SolutionProperties) = preSolution
		HideSolutionNode = FALSE
	EndGlobalSection
	GlobalSection(ExtensibilityGlobals) = postSolution
		SolutionGuid = {806412F2-8A20-48CF-AD7C-327134D4518F}
	EndGlobalSection
EndGlobal
